PODS:
  - Alamofire (5.4.1)
  - lottie-ios (3.1.9)
  - SnapKit (5.0.1)
  - Then (2.7.0)

DEPENDENCIES:
  - Alamofire
  - lottie-ios
  - SnapKit
  - Then

SPEC REPOS:
  trunk:
    - Alamofire
    - lottie-ios
    - SnapKit
    - Then

SPEC CHECKSUMS:
  Alamofire: 2291f7d21ca607c491dd17642e5d40fdcda0e65c
  lottie-ios: 3a3758ef5a008e762faec9c9d50a39842f26d124
  SnapKit: 97b92857e3df3a0c71833cce143274bf6ef8e5eb
  Then: acfe0be7e98221c6204e12f8161459606d5d822d

PODFILE CHECKSUM: f0aca87ed24589c94c1acdcd338199f4efa9e857

COCOAPODS: 1.11.2
